
Microsoft Visual Studio Solution File, Format Version 12.00
# Visual Studio Version 17
VisualStudioVersion = 17.13.35931.197 d17.13
MinimumVisualStudioVersion = 10.0.40219.1
Project("{FAE04EC0-301F-11D3-BF4B-00C04F79EFBC}") = "XP Bar Numbers", "XP Bar Numbers.csproj", "{DCF50B5E-B7E3-40D5-8DFA-53F8929D44E4}"
EndProject
Global
	GlobalSection(SolutionConfigurationPlatforms) = preSolution
		Debug|Any CPU = Debug|Any CPU
		Release|Any CPU = Release|Any CPU
	EndGlobalSection
	GlobalSection(ProjectConfigurationPlatforms) = postSolution
		{DCF50B5E-B7E3-40D5-8DFA-53F8929D44E4}.Debug|Any CPU.ActiveCfg = Debug|Any CPU
		{DCF50B5E-B7E3-40D5-8DFA-53F8929D44E4}.Debug|Any CPU.Build.0 = Debug|Any CPU
		{DCF50B5E-B7E3-40D5-8DFA-53F8929D44E4}.Release|Any CPU.ActiveCfg = Release|Any CPU
		{DCF50B5E-B7E3-40D5-8DFA-53F8929D44E4}.Release|Any CPU.Build.0 = Release|Any CPU
	EndGlobalSection
	GlobalSection(SolutionProperties) = preSolution
		HideSolutionNode = FALSE
	EndGlobalSection
	GlobalSection(ExtensibilityGlobals) = postSolution
		SolutionGuid = {DFD0DE0A-371F-4AC7-8468-04093FA50528}
	EndGlobalSection
EndGlobal
